// !$*UTF8*$!
{
	archiveVersion = 1;
	classes = {
	};
	objectVersion = 50;
	objects = {

/* Begin PBXBuildFile section */
		B39E4E7A267A3E98000743AD /* ContactsSwiftUIApp.swift in Sources */ = {isa = PBXBuildFile; fileRef = B39E4E79267A3E98000743AD /* ContactsSwiftUIApp.swift */; };
		B39E4E7C267A3E98000743AD /* ListView.swift in Sources */ = {isa = PBXBuildFile; fileRef = B39E4E7B267A3E98000743AD /* ListView.swift */; };
		B39E4E7E267A3E99000743AD /* Assets.xcassets in Resources */ = {isa = PBXBuildFile; fileRef = B39E4E7D267A3E99000743AD /* Assets.xcassets */; };
		B39E4E81267A3E99000743AD /* Preview Assets.xcassets in Resources */ = {isa = PBXBuildFile; fileRef = B39E4E80267A3E99000743AD /* Preview Assets.xcassets */; };
		B39E4E89267A3EBA000743AD /* Contact.swift in Sources */ = {isa = PBXBuildFile; fileRef = B39E4E88267A3EBA000743AD /* Contact.swift */; };
		B39E4E8B267A3FA4000743AD /* DataManager.swift in Sources */ = {isa = PBXBuildFile; fileRef = B39E4E8A267A3FA4000743AD /* DataManager.swift */; };
		B39E4E8D267A42BB000743AD /* StartView.swift in Sources */ = {isa = PBXBuildFile; fileRef = B39E4E8C267A42BB000743AD /* StartView.swift */; };
		B39E4E8F267A4517000743AD /* NumbersView.swift in Sources */ = {isa = PBXBuildFile; fileRef = B39E4E8E267A4517000743AD /* NumbersView.swift */; };
		B39E4E91267A4561000743AD /* ContactDetailsView.swift in Sources */ = {isa = PBXBuildFile; fileRef = B39E4E90267A4561000743AD /* ContactDetailsView.swift */; };
		B39E4E93267A7E3F000743AD /* DetailRowView.swift in Sources */ = {isa = PBXBuildFile; fileRef = B39E4E92267A7E3F000743AD /* DetailRowView.swift */; };
/* End PBXBuildFile section */

/* Begin PBXFileReference section */
		B39E4E76267A3E98000743AD /* ContactsSwiftUI.app */ = {isa = PBXFileReference; explicitFileType = wrapper.application; includeInIndex = 0; path = ContactsSwiftUI.app; sourceTree = BUILT_PRODUCTS_DIR; };
		B39E4E79267A3E98000743AD /* ContactsSwiftUIApp.swift */ = {isa = PBXFileReference; lastKnownFileType = sourcecode.swift; path = ContactsSwiftUIApp.swift; sourceTree = "<group>"; };
		B39E4E7B267A3E98000743AD /* ListView.swift */ = {isa = PBXFileReference; lastKnownFileType = sourcecode.swift; path = ListView.swift; sourceTree = "<group>"; };
		B39E4E7D267A3E99000743AD /* Assets.xcassets */ = {isa = PBXFileReference; lastKnownFileType = folder.assetcatalog; path = Assets.xcassets; sourceTree = "<group>"; };
		B39E4E80267A3E99000743AD /* Preview Assets.xcassets */ = {isa = PBXFileReference; lastKnownFileType = folder.assetcatalog; path = "Preview Assets.xcassets"; sourceTree = "<group>"; };
		B39E4E82267A3E99000743AD /* Info.plist */ = {isa = PBXFileReference; lastKnownFileType = text.plist.xml; path = Info.plist; sourceTree = "<group>"; };
		B39E4E88267A3EBA000743AD /* Contact.swift */ = {isa = PBXFileReference; lastKnownFileType = sourcecode.swift; path = Contact.swift; sourceTree = "<group>"; };
		B39E4E8A267A3FA4000743AD /* DataManager.swift */ = {isa = PBXFileReference; lastKnownFileType = sourcecode.swift; path = DataManager.swift; sourceTree = "<group>"; };
		B39E4E8C267A42BB000743AD /* StartView.swift */ = {isa = PBXFileReference; lastKnownFileType = sourcecode.swift; path = StartView.swift; sourceTree = "<group>"; };
		B39E4E8E267A4517000743AD /* NumbersView.swift */ = {isa = PBXFileReference; lastKnownFileType = sourcecode.swift; path = NumbersView.swift; sourceTree = "<group>"; };
		B39E4E90267A4561000743AD /* ContactDetailsView.swift */ = {isa = PBXFileReference; lastKnownFileType = sourcecode.swift; path = ContactDetailsView.swift; sourceTree = "<group>"; };
		B39E4E92267A7E3F000743AD /* DetailRowView.swift */ = {isa = PBXFileReference; lastKnownFileType = sourcecode.swift; path = DetailRowView.swift; sourceTree = "<group>"; };
/* End PBXFileReference section */

/* Begin PBXFrameworksBuildPhase section */
		B39E4E73267A3E98000743AD /* Frameworks */ = {
			isa = PBXFrameworksBuildPhase;
			buildActionMask = 2147483647;
			files = (
			);
			runOnlyForDeploymentPostprocessing = 0;
		};
/* End PBXFrameworksBuildPhase section */

/* Begin PBXGroup section */
		B39E4E6D267A3E98000743AD = {
			isa = PBXGroup;
			children = (
				B39E4E78267A3E98000743AD /* ContactsSwiftUI */,
				B39E4E77267A3E98000743AD /* Products */,
			);
			sourceTree = "<group>";
		};
		B39E4E77267A3E98000743AD /* Products */ = {
			isa = PBXGroup;
			children = (
				B39E4E76267A3E98000743AD /* ContactsSwiftUI.app */,
			);
			name = Products;
			sourceTree = "<group>";
		};
		B39E4E78267A3E98000743AD /* ContactsSwiftUI */ = {
			isa = PBXGroup;
			children = (
				B39E4E79267A3E98000743AD /* ContactsSwiftUIApp.swift */,
				B39E4E7B267A3E98000743AD /* ListView.swift */,
				B39E4E7D267A3E99000743AD /* Assets.xcassets */,
				B39E4E82267A3E99000743AD /* Info.plist */,
				B39E4E7F267A3E99000743AD /* Preview Content */,
				B39E4E88267A3EBA000743AD /* Contact.swift */,
				B39E4E8A267A3FA4000743AD /* DataManager.swift */,
				B39E4E8C267A42BB000743AD /* StartView.swift */,
				B39E4E8E267A4517000743AD /* NumbersView.swift */,
				B39E4E90267A4561000743AD /* ContactDetailsView.swift */,
				B39E4E92267A7E3F000743AD /* DetailRowView.swift */,
			);
			path = ContactsSwiftUI;
			sourceTree = "<group>";
		};
		B39E4E7F267A3E99000743AD /* Preview Content */ = {
			isa = PBXGroup;
			children = (
				B39E4E80267A3E99000743AD /* Preview Assets.xcassets */,
			);
			path = "Preview Content";
			sourceTree = "<group>";
		};
/* End PBXGroup section */

/* Begin PBXNativeTarget section */
		B39E4E75267A3E98000743AD /* ContactsSwiftUI */ = {
			isa = PBXNativeTarget;
			buildConfigurationList = B39E4E85267A3E99000743AD /* Build configuration list for PBXNativeTarget "ContactsSwiftUI" */;
			buildPhases = (
				B39E4E72267A3E98000743AD /* Sources */,
				B39E4E73267A3E98000743AD /* Frameworks */,
				B39E4E74267A3E98000743AD /* Resources */,
			);
			buildRules = (
			);
			dependencies = (
			);
			name = ContactsSwiftUI;
			productName = ContactsSwiftUI;
			productReference = B39E4E76267A3E98000743AD /* ContactsSwiftUI.app */;
			productType = "com.apple.product-type.application";
		};
/* End PBXNativeTarget section */

/* Begin PBXProject section */
		B39E4E6E267A3E98000743AD /* Project object */ = {
			isa = PBXProject;
			attributes = {
				LastSwiftUpdateCheck = 1250;
				LastUpgradeCheck = 1250;
				TargetAttributes = {
					B39E4E75267A3E98000743AD = {
						CreatedOnToolsVersion = 12.5;
					};
				};
			};
			buildConfigurationList = B39E4E71267A3E98000743AD /* Build configuration list for PBXProject "ContactsSwiftUI" */;
			compatibilityVersion = "Xcode 9.3";
			developmentRegion = en;
			hasScannedForEncodings = 0;
			knownRegions = (
				en,
				Base,
			);
			mainGroup = B39E4E6D267A3E98000743AD;
			productRefGroup = B39E4E77267A3E98000743AD /* Products */;
			projectDirPath = "";
			projectRoot = "";
			targets = (
				B39E4E75267A3E98000743AD /* ContactsSwiftUI */,
			);
		};
/* End PBXProject section */

/* Begin PBXResourcesBuildPhase section */
		B39E4E74267A3E98000743AD /* Resources */ = {
			isa = PBXResourcesBuildPhase;
			buildActionMask = 2147483647;
			files = (
				B39E4E81267A3E99000743AD /* Preview Assets.xcassets in Resources */,
				B39E4E7E267A3E99000743AD /* Assets.xcassets in Resources */,
			);
			runOnlyForDeploymentPostprocessing = 0;
		};
/* End PBXResourcesBuildPhase section */

/* Begin PBXSourcesBuildPhase section */
		B39E4E72267A3E98000743AD /* Sources */ = {
			isa = PBXSourcesBuildPhase;
			buildActionMask = 2147483647;
			files = (
				B39E4E89267A3EBA000743AD /* Contact.swift in Sources */,
				B39E4E8D267A42BB000743AD /* StartView.swift in Sources */,
				B39E4E8B267A3FA4000743AD /* DataManager.swift in Sources */,
				B39E4E91267A4561000743AD /* ContactDetailsView.swift in Sources */,
				B39E4E8F267A4517000743AD /* NumbersView.swift in Sources */,
				B39E4E93267A7E3F000743AD /* DetailRowView.swift in Sources */,
				B39E4E7C267A3E98000743AD /* ListView.swift in Sources */,
				B39E4E7A267A3E98000743AD /* ContactsSwiftUIApp.swift in Sources */,
			);
			runOnlyForDeploymentPostprocessing = 0;
		};
/* End PBXSourcesBuildPhase section */

/* Begin XCBuildConfiguration section */
		B39E4E83267A3E99000743AD /* Debug */ = {
			isa = XCBuildConfiguration;
			buildSettings = {
				ALWAYS_SEARCH_USER_PATHS = NO;
				CLANG_ANALYZER_NONNULL = YES;
				CLANG_ANALYZER_NUMBER_OBJECT_CONVERSION = YES_AGGRESSIVE;
				CLANG_CXX_LANGUAGE_STANDARD = "gnu++14";
				CLANG_CXX_LIBRARY = "libc++";
				CLANG_ENABLE_MODULES = YES;
				CLANG_ENABLE_OBJC_ARC = YES;
				CLANG_ENABLE_OBJC_WEAK = YES;
				CLANG_WARN_BLOCK_CAPTURE_AUTORELEASING = YES;
				CLANG_WARN_BOOL_CONVERSION = YES;
				CLANG_WARN_COMMA = YES;
				CLANG_WARN_CONSTANT_CONVERSION = YES;
				CLANG_WARN_DEPRECATED_OBJC_IMPLEMENTATIONS = YES;
				CLANG_WARN_DIRECT_OBJC_ISA_USAGE = YES_ERROR;
				CLANG_WARN_DOCUMENTATION_COMMENTS = YES;
				CLANG_WARN_EMPTY_BODY = YES;
				CLANG_WARN_ENUM_CONVERSION = YES;
				CLANG_WARN_INFINITE_RECURSION = YES;
				CLANG_WARN_INT_CONVERSION = YES;
				CLANG_WARN_NON_LITERAL_NULL_CONVERSION = YES;
				CLANG_WARN_OBJC_IMPLICIT_RETAIN_SELF = YES;
				CLANG_WARN_OBJC_LITERAL_CONVERSION = YES;
				CLANG_WARN_OBJC_ROOT_CLASS = YES_ERROR;
				CLANG_WARN_QUOTED_INCLUDE_IN_FRAMEWORK_HEADER = YES;
				CLANG_WARN_RANGE_LOOP_ANALYSIS = YES;
				CLANG_WARN_STRICT_PROTOTYPES = YES;
				CLANG_WARN_SUSPICIOUS_MOVE = YES;
				CLANG_WARN_UNGUARDED_AVAILABILITY = YES_AGGRESSIVE;
				CLANG_WARN_UNREACHABLE_CODE = YES;
				CLANG_WARN__DUPLICATE_METHOD_MATCH = YES;
				COPY_PHASE_STRIP = NO;
				DEBUG_INFORMATION_FORMAT = dwarf;
				ENABLE_STRICT_OBJC_MSGSEND = YES;
				ENABLE_TESTABILITY = YES;
				GCC_C_LANGUAGE_STANDARD = gnu11;
				GCC_DYNAMIC_NO_PIC = NO;
				GCC_NO_COMMON_BLOCKS = YES;
				GCC_OPTIMIZATION_LEVEL = 0;
				GCC_PREPROCESSOR_DEFINITIONS = (
					"DEBUG=1",
					"$(inherited)",
				);
				GCC_WARN_64_TO_32_BIT_CONVERSION = YES;
				GCC_WARN_ABOUT_RETURN_TYPE = YES_ERROR;
				GCC_WARN_UNDECLARED_SELECTOR = YES;
				GCC_WARN_UNINITIALIZED_AUTOS = YES_AGGRESSIVE;
				GCC_WARN_UNUSED_FUNCTION = YES;
				GCC_WARN_UNUSED_VARIABLE = YES;
				IPHONEOS_DEPLOYMENT_TARGET = 14.5;
				MTL_ENABLE_DEBUG_INFO = INCLUDE_SOURCE;
				MTL_FAST_MATH = YES;
				ONLY_ACTIVE_ARCH = YES;
				SDKROOT = iphoneos;
				SWIFT_ACTIVE_COMPILATION_CONDITIONS = DEBUG;
				SWIFT_OPTIMIZATION_LEVEL = "-Onone";
			};
			name = Debug;
		};
		B39E4E84267A3E99000743AD /* Release */ = {
			isa = XCBuildConfiguration;
			buildSettings = {
				ALWAYS_SEARCH_USER_PATHS = NO;
				CLANG_ANALYZER_NONNULL = YES;
				CLANG_ANALYZER_NUMBER_OBJECT_CONVERSION = YES_AGGRESSIVE;
				CLANG_CXX_LANGUAGE_STANDARD = "gnu++14";
				CLANG_CXX_LIBRARY = "libc++";
				CLANG_ENABLE_MODULES = YES;
				CLANG_ENABLE_OBJC_ARC = YES;
				CLANG_ENABLE_OBJC_WEAK = YES;
				CLANG_WARN_BLOCK_CAPTURE_AUTORELEASING = YES;
				CLANG_WARN_BOOL_CONVERSION = YES;
				CLANG_WARN_COMMA = YES;
				CLANG_WARN_CONSTANT_CONVERSION = YES;
				CLANG_WARN_DEPRECATED_OBJC_IMPLEMENTATIONS = YES;
				CLANG_WARN_DIRECT_OBJC_ISA_USAGE = YES_ERROR;
				CLANG_WARN_DOCUMENTATION_COMMENTS = YES;
				CLANG_WARN_EMPTY_BODY = YES;
				CLANG_WARN_ENUM_CONVERSION = YES;
				CLANG_WARN_INFINITE_RECURSION = YES;
				CLANG_WARN_INT_CONVERSION = YES;
				CLANG_WARN_NON_LITERAL_NULL_CONVERSION = YES;
				CLANG_WARN_OBJC_IMPLICIT_RETAIN_SELF = YES;
				CLANG_WARN_OBJC_LITERAL_CONVERSION = YES;
				CLANG_WARN_OBJC_ROOT_CLASS = YES_ERROR;
				CLANG_WARN_QUOTED_INCLUDE_IN_FRAMEWORK_HEADER = YES;
				CLANG_WARN_RANGE_LOOP_ANALYSIS = YES;
				CLANG_WARN_STRICT_PROTOTYPES = YES;
				CLANG_WARN_SUSPICIOUS_MOVE = YES;
				CLANG_WARN_UNGUARDED_AVAILABILITY = YES_AGGRESSIVE;
				CLANG_WARN_UNREACHABLE_CODE = YES;
				CLANG_WARN__DUPLICATE_METHOD_MATCH = YES;
				COPY_PHASE_STRIP = NO;
				DEBUG_INFORMATION_FORMAT = "dwarf-with-dsym";
				ENABLE_NS_ASSERTIONS = NO;
				ENABLE_STRICT_OBJC_MSGSEND = YES;
				GCC_C_LANGUAGE_STANDARD = gnu11;
				GCC_NO_COMMON_BLOCKS = YES;
				GCC_WARN_64_TO_32_BIT_CONVERSION = YES;
				GCC_WARN_ABOUT_RETURN_TYPE = YES_ERROR;
				GCC_WARN_UNDECLARED_SELECTOR = YES;
				GCC_WARN_UNINITIALIZED_AUTOS = YES_AGGRESSIVE;
				GCC_WARN_UNUSED_FUNCTION = YES;
				GCC_WARN_UNUSED_VARIABLE = YES;
				IPHONEOS_DEPLOYMENT_TARGET = 14.5;
				MTL_ENABLE_DEBUG_INFO = NO;
				MTL_FAST_MATH = YES;
				SDKROOT = iphoneos;
				SWIFT_COMPILATION_MODE = wholemodule;
				SWIFT_OPTIMIZATION_LEVEL = "-O";
				VALIDATE_PRODUCT = YES;
			};
			name = Release;
		};
		B39E4E86267A3E99000743AD /* Debug */ = {
			isa = XCBuildConfiguration;
			buildSettings = {
				ASSETCATALOG_COMPILER_APPICON_NAME = AppIcon;
				ASSETCATALOG_COMPILER_GLOBAL_ACCENT_COLOR_NAME = AccentColor;
				CODE_SIGN_STYLE = Automatic;
				DEVELOPMENT_ASSET_PATHS = "\"ContactsSwiftUI/Preview Content\"";
				DEVELOPMENT_TEAM = W6377J3RB9;
				ENABLE_PREVIEWS = YES;
				INFOPLIST_FILE = ContactsSwiftUI/Info.plist;
				IPHONEOS_DEPLOYMENT_TARGET = 14.0;
				LD_RUNPATH_SEARCH_PATHS = (
					"$(inherited)",
					"@executable_path/Frameworks",
				);
				PRODUCT_BUNDLE_IDENTIFIER = io.gutuxa.ContactsSwiftUI;
				PRODUCT_NAME = "$(TARGET_NAME)";
				SWIFT_VERSION = 5.0;
				TARGETED_DEVICE_FAMILY = "1,2";
			};
			name = Debug;
		};
		B39E4E87267A3E99000743AD /* Release */ = {
			isa = XCBuildConfiguration;
			buildSettings = {
				ASSETCATALOG_COMPILER_APPICON_NAME = AppIcon;
				ASSETCATALOG_COMPILER_GLOBAL_ACCENT_COLOR_NAME = AccentColor;
				CODE_SIGN_STYLE = Automatic;
				DEVELOPMENT_ASSET_PATHS = "\"ContactsSwiftUI/Preview Content\"";
				DEVELOPMENT_TEAM = W6377J3RB9;
				ENABLE_PREVIEWS = YES;
				INFOPLIST_FILE = ContactsSwiftUI/Info.plist;
				IPHONEOS_DEPLOYMENT_TARGET = 14.0;
				LD_RUNPATH_SEARCH_PATHS = (
					"$(inherited)",
					"@executable_path/Frameworks",
				);
				PRODUCT_BUNDLE_IDENTIFIER = io.gutuxa.ContactsSwiftUI;
				PRODUCT_NAME = "$(TARGET_NAME)";
				SWIFT_VERSION = 5.0;
				TARGETED_DEVICE_FAMILY = "1,2";
			};
			name = Release;
		};
/* End XCBuildConfiguration section */

/* Begin XCConfigurationList section */
		B39E4E71267A3E98000743AD /* Build configuration list for PBXProject "ContactsSwiftUI" */ = {
			isa = XCConfigurationList;
			buildConfigurations = (
				B39E4E83267A3E99000743AD /* Debug */,
				B39E4E84267A3E99000743AD /* Release */,
			);
			defaultConfigurationIsVisible = 0;
			defaultConfigurationName = Release;
		};
		B39E4E85267A3E99000743AD /* Build configuration list for PBXNativeTarget "ContactsSwiftUI" */ = {
			isa = XCConfigurationList;
			buildConfigurations = (
				B39E4E86267A3E99000743AD /* Debug */,
				B39E4E87267A3E99000743AD /* Release */,
			);
			defaultConfigurationIsVisible = 0;
			defaultConfigurationName = Release;
		};
/* End XCConfigurationList section */
	};
	rootObject = B39E4E6E267A3E98000743AD /* Project object */;
}
